
Microsoft Visual Studio Solution File, Format Version 12.00
# Visual Studio Version 17
VisualStudioVersion = 17.0.31919.166
MinimumVisualStudioVersion = 10.0.40219.1
Project("{FAE04EC0-301F-11D3-BF4B-00C04F79EFBC}") = "Flashback", "Flashback\Flashback.csproj", "{9078D034-30F3-4A87-9496-81C948C8E497}"
	ProjectSection(ProjectDependencies) = postProject
		{09390468-E0FD-4698-8F32-331BE306C9B8} = {09390468-E0FD-4698-8F32-331BE306C9B8}
	EndProjectSection
EndProject
Project("{FAE04EC0-301F-11D3-BF4B-00C04F79EFBC}") = "Helpers", "Helpers\Helpers.csproj", "{09390468-E0FD-4698-8F32-331BE306C9B8}"
EndProject
Global
	GlobalSection(SolutionConfigurationPlatforms) = preSolution
		Debug|Any CPU = Debug|Any CPU
		Debug|ARM = Debug|ARM
		Debug|x64 = Debug|x64
		Debug|x86 = Debug|x86
		Release|Any CPU = Release|Any CPU
		Release|ARM = Release|ARM
		Release|x64 = Release|x64
		Release|x86 = Release|x86
	EndGlobalSection
	GlobalSection(ProjectConfigurationPlatforms) = postSolution
		{9078D034-30F3-4A87-9496-81C948C8E497}.Debug|Any CPU.ActiveCfg = Debug|x86
		{9078D034-30F3-4A87-9496-81C948C8E497}.Debug|ARM.ActiveCfg = Debug|ARM
		{9078D034-30F3-4A87-9496-81C948C8E497}.Debug|ARM.Build.0 = Debug|ARM
		{9078D034-30F3-4A87-9496-81C948C8E497}.Debug|ARM.Deploy.0 = Debug|ARM
		{9078D034-30F3-4A87-9496-81C948C8E497}.Debug|x64.ActiveCfg = Debug|x64
		{9078D034-30F3-4A87-9496-81C948C8E497}.Debug|x64.Build.0 = Debug|x64
		{9078D034-30F3-4A87-9496-81C948C8E497}.Debug|x64.Deploy.0 = Debug|x64
		{9078D034-30F3-4A87-9496-81C948C8E497}.Debug|x86.ActiveCfg = Debug|x86
		{9078D034-30F3-4A87-9496-81C948C8E497}.Debug|x86.Build.0 = Debug|x86
		{9078D034-30F3-4A87-9496-81C948C8E497}.Debug|x86.Deploy.0 = Debug|x86
		{9078D034-30F3-4A87-9496-81C948C8E497}.Release|Any CPU.ActiveCfg = Release|x86
		{9078D034-30F3-4A87-9496-81C948C8E497}.Release|ARM.ActiveCfg = Release|ARM
		{9078D034-30F3-4A87-9496-81C948C8E497}.Release|ARM.Build.0 = Release|ARM
		{9078D034-30F3-4A87-9496-81C948C8E497}.Release|ARM.Deploy.0 = Release|ARM
		{9078D034-30F3-4A87-9496-81C948C8E497}.Release|x64.ActiveCfg = Release|x64
		{9078D034-30F3-4A87-9496-81C948C8E497}.Release|x64.Build.0 = Release|x64
		{9078D034-30F3-4A87-9496-81C948C8E497}.Release|x64.Deploy.0 = Release|x64
		{9078D034-30F3-4A87-9496-81C948C8E497}.Release|x86.ActiveCfg = Release|x86
		{9078D034-30F3-4A87-9496-81C948C8E497}.Release|x86.Build.0 = Release|x86
		{9078D034-30F3-4A87-9496-81C948C8E497}.Release|x86.Deploy.0 = Release|x86
		{09390468-E0FD-4698-8F32-331BE306C9B8}.Debug|Any CPU.ActiveCfg = Debug|Any CPU
		{09390468-E0FD-4698-8F32-331BE306C9B8}.Debug|Any CPU.Build.0 = Debug|Any CPU
		{09390468-E0FD-4698-8F32-331BE306C9B8}.Debug|ARM.ActiveCfg = Debug|ARM
		{09390468-E0FD-4698-8F32-331BE306C9B8}.Debug|ARM.Build.0 = Debug|ARM
		{09390468-E0FD-4698-8F32-331BE306C9B8}.Debug|x64.ActiveCfg = Debug|x64
		{09390468-E0FD-4698-8F32-331BE306C9B8}.Debug|x64.Build.0 = Debug|x64
		{09390468-E0FD-4698-8F32-331BE306C9B8}.Debug|x86.ActiveCfg = Debug|x86
		{09390468-E0FD-4698-8F32-331BE306C9B8}.Debug|x86.Build.0 = Debug|x86
		{09390468-E0FD-4698-8F32-331BE306C9B8}.Release|Any CPU.ActiveCfg = Release|Any CPU
		{09390468-E0FD-4698-8F32-331BE306C9B8}.Release|Any CPU.Build.0 = Release|Any CPU
		{09390468-E0FD-4698-8F32-331BE306C9B8}.Release|ARM.ActiveCfg = Release|ARM
		{09390468-E0FD-4698-8F32-331BE306C9B8}.Release|ARM.Build.0 = Release|ARM
		{09390468-E0FD-4698-8F32-331BE306C9B8}.Release|x64.ActiveCfg = Release|x64
		{09390468-E0FD-4698-8F32-331BE306C9B8}.Release|x64.Build.0 = Release|x64
		{09390468-E0FD-4698-8F32-331BE306C9B8}.Release|x86.ActiveCfg = Release|x86
		{09390468-E0FD-4698-8F32-331BE306C9B8}.Release|x86.Build.0 = Release|x86
	EndGlobalSection
	GlobalSection(SolutionProperties) = preSolution
		HideSolutionNode = FALSE
	EndGlobalSection
	GlobalSection(ExtensibilityGlobals) = postSolution
		SolutionGuid = {FAAB2149-B063-4D83-988C-873B4FDE2D0D}
	EndGlobalSection
EndGlobal
