
Microsoft Visual Studio Solution File, Format Version 12.00
# Visual Studio Version 17
VisualStudioVersion = 17.0.31919.166
MinimumVisualStudioVersion = 10.0.40219.1
Project("{FAE04EC0-301F-11D3-BF4B-00C04F79EFBC}") = "PR-EYE TRACKING DESKTOP", "PR-EYE TRACKING DESKTOP\PR-EYE TRACKING DESKTOP.csproj", "{1A1BA55C-34A0-40F0-8781-A990A6B4EDF6}"
EndProject
Global
	GlobalSection(SolutionConfigurationPlatforms) = preSolution
		Debug|Any CPU = Debug|Any CPU
		Release|Any CPU = Release|Any CPU
	EndGlobalSection
	GlobalSection(ProjectConfigurationPlatforms) = postSolution
		{1A1BA55C-34A0-40F0-8781-A990A6B4EDF6}.Debug|Any CPU.ActiveCfg = Debug|Any CPU
		{1A1BA55C-34A0-40F0-8781-A990A6B4EDF6}.Debug|Any CPU.Build.0 = Debug|Any CPU
		{1A1BA55C-34A0-40F0-8781-A990A6B4EDF6}.Release|Any CPU.ActiveCfg = Release|Any CPU
		{1A1BA55C-34A0-40F0-8781-A990A6B4EDF6}.Release|Any CPU.Build.0 = Release|Any CPU
	EndGlobalSection
	GlobalSection(SolutionProperties) = preSolution
		HideSolutionNode = FALSE
	EndGlobalSection
	GlobalSection(ExtensibilityGlobals) = postSolution
		SolutionGuid = {BFBF965F-4FFC-409B-927E-EBDCF83F96A7}
	EndGlobalSection
EndGlobal
